// !$*UTF8*$!
{
	archiveVersion = 1;
	classes = {
	};
	objectVersion = 48;
	objects = {

/* Begin PBXBuildFile section */
		0E2AB94A1FB2A610002A3532 /* AppDelegate.m in Sources */ = {isa = PBXBuildFile; fileRef = 0E2AB9491FB2A610002A3532 /* AppDelegate.m */; };
		0E2AB94D1FB2A610002A3532 /* ViewController.m in Sources */ = {isa = PBXBuildFile; fileRef = 0E2AB94C1FB2A610002A3532 /* ViewController.m */; };
		0E2AB9501FB2A610002A3532 /* Main.storyboard in Resources */ = {isa = PBXBuildFile; fileRef = 0E2AB94E1FB2A610002A3532 /* Main.storyboard */; };
		0E2AB9521FB2A610002A3532 /* Assets.xcassets in Resources */ = {isa = PBXBuildFile; fileRef = 0E2AB9511FB2A610002A3532 /* Assets.xcassets */; };
		0E2AB9551FB2A610002A3532 /* LaunchScreen.storyboard in Resources */ = {isa = PBXBuildFile; fileRef = 0E2AB9531FB2A610002A3532 /* LaunchScreen.storyboard */; };
		0E2AB9581FB2A610002A3532 /* main.m in Sources */ = {isa = PBXBuildFile; fileRef = 0E2AB9571FB2A610002A3532 /* main.m */; };
		0E2AB9621FB2A611002A3532 /* CarthageFXShareTests.m in Sources */ = {isa = PBXBuildFile; fileRef = 0E2AB9611FB2A611002A3532 /* CarthageFXShareTests.m */; };
		0E2AB96D1FB2A611002A3532 /* CarthageFXShareUITests.m in Sources */ = {isa = PBXBuildFile; fileRef = 0E2AB96C1FB2A611002A3532 /* CarthageFXShareUITests.m */; };
		0E2AB9BF1FB2A62C002A3532 /* UIView+Toast.m in Sources */ = {isa = PBXBuildFile; fileRef = 0E2AB97A1FB2A62A002A3532 /* UIView+Toast.m */; };
		0E2AB9C01FB2A62C002A3532 /* FXShareCentre.m in Sources */ = {isa = PBXBuildFile; fileRef = 0E2AB97C1FB2A62A002A3532 /* FXShareCentre.m */; };
		0E2AB9C11FB2A62C002A3532 /* MJExtensionConst.m in Sources */ = {isa = PBXBuildFile; fileRef = 0E2AB9801FB2A62A002A3532 /* MJExtensionConst.m */; };
		0E2AB9C21FB2A62C002A3532 /* MJFoundation.m in Sources */ = {isa = PBXBuildFile; fileRef = 0E2AB9821FB2A62A002A3532 /* MJFoundation.m */; };
		0E2AB9C31FB2A62C002A3532 /* MJProperty.m in Sources */ = {isa = PBXBuildFile; fileRef = 0E2AB9841FB2A62A002A3532 /* MJProperty.m */; };
		0E2AB9C41FB2A62C002A3532 /* MJPropertyKey.m in Sources */ = {isa = PBXBuildFile; fileRef = 0E2AB9861FB2A62A002A3532 /* MJPropertyKey.m */; };
		0E2AB9C51FB2A62C002A3532 /* MJPropertyType.m in Sources */ = {isa = PBXBuildFile; fileRef = 0E2AB9881FB2A62A002A3532 /* MJPropertyType.m */; };
		0E2AB9C61FB2A62C002A3532 /* NSObject+MJClass.m in Sources */ = {isa = PBXBuildFile; fileRef = 0E2AB98A1FB2A62A002A3532 /* NSObject+MJClass.m */; };
		0E2AB9C71FB2A62C002A3532 /* NSObject+MJCoding.m in Sources */ = {isa = PBXBuildFile; fileRef = 0E2AB98C1FB2A62A002A3532 /* NSObject+MJCoding.m */; };
		0E2AB9C81FB2A62C002A3532 /* NSObject+MJKeyValue.m in Sources */ = {isa = PBXBuildFile; fileRef = 0E2AB98E1FB2A62A002A3532 /* NSObject+MJKeyValue.m */; };
		0E2AB9C91FB2A62C002A3532 /* NSObject+MJProperty.m in Sources */ = {isa = PBXBuildFile; fileRef = 0E2AB9901FB2A62A002A3532 /* NSObject+MJProperty.m */; };
		0E2AB9CA1FB2A62C002A3532 /* NSString+MJExtension.m in Sources */ = {isa = PBXBuildFile; fileRef = 0E2AB9921FB2A62A002A3532 /* NSString+MJExtension.m */; };
		0E2AB9CB1FB2A62C002A3532 /* DTShareKit.framework in Frameworks */ = {isa = PBXBuildFile; fileRef = 0E2AB9971FB2A62C002A3532 /* DTShareKit.framework */; };
		0E2AB9CC1FB2A62C002A3532 /* libSocialDingDing.a in Frameworks */ = {isa = PBXBuildFile; fileRef = 0E2AB9981FB2A62C002A3532 /* libSocialDingDing.a */; };
		0E2AB9CD1FB2A62C002A3532 /* libSocialQQ.a in Frameworks */ = {isa = PBXBuildFile; fileRef = 0E2AB99B1FB2A62C002A3532 /* libSocialQQ.a */; };
		0E2AB9CE1FB2A62C002A3532 /* TencentOpenAPI.framework in Frameworks */ = {isa = PBXBuildFile; fileRef = 0E2AB99D1FB2A62C002A3532 /* TencentOpenAPI.framework */; };
		0E2AB9CF1FB2A62C002A3532 /* TencentOpenApi_IOS_Bundle.bundle in Resources */ = {isa = PBXBuildFile; fileRef = 0E2AB99E1FB2A62C002A3532 /* TencentOpenApi_IOS_Bundle.bundle */; };
		0E2AB9D01FB2A62C002A3532 /* libSocialSina.a in Frameworks */ = {isa = PBXBuildFile; fileRef = 0E2AB9A11FB2A62C002A3532 /* libSocialSina.a */; };
		0E2AB9D11FB2A62C002A3532 /* libWeiboSDK.a in Frameworks */ = {isa = PBXBuildFile; fileRef = 0E2AB9A31FB2A62C002A3532 /* libWeiboSDK.a */; };
		0E2AB9D21FB2A62C002A3532 /* WeiboSDK.bundle in Resources */ = {isa = PBXBuildFile; fileRef = 0E2AB9A71FB2A62C002A3532 /* WeiboSDK.bundle */; };
		0E2AB9D31FB2A62C002A3532 /* libSocialUniqueId.a in Frameworks */ = {isa = PBXBuildFile; fileRef = 0E2AB9AB1FB2A62C002A3532 /* libSocialUniqueId.a */; };
		0E2AB9D41FB2A62C002A3532 /* libSocialWeChat.a in Frameworks */ = {isa = PBXBuildFile; fileRef = 0E2AB9AE1FB2A62C002A3532 /* libSocialWeChat.a */; };
		0E2AB9D51FB2A62C002A3532 /* libWeChatSDK.a in Frameworks */ = {isa = PBXBuildFile; fileRef = 0E2AB9B11FB2A62C002A3532 /* libWeChatSDK.a */; };
		0E2AB9D61FB2A62C002A3532 /* README.txt in Resources */ = {isa = PBXBuildFile; fileRef = 0E2AB9B21FB2A62C002A3532 /* README.txt */; };
		0E2AB9D71FB2A62C002A3532 /* UMSocialCore.framework in Frameworks */ = {isa = PBXBuildFile; fileRef = 0E2AB9B71FB2A62C002A3532 /* UMSocialCore.framework */; };
		0E2AB9D81FB2A62C002A3532 /* UMSocialNetwork.framework in Frameworks */ = {isa = PBXBuildFile; fileRef = 0E2AB9B81FB2A62C002A3532 /* UMSocialNetwork.framework */; };
		0E2AB9D91FB2A62C002A3532 /* UMSocialSDKPromptResources.bundle in Resources */ = {isa = PBXBuildFile; fileRef = 0E2AB9B91FB2A62C002A3532 /* UMSocialSDKPromptResources.bundle */; };
		0E2AB9DA1FB2A62C002A3532 /* libUMSocialLog.a in Frameworks */ = {isa = PBXBuildFile; fileRef = 0E2AB9BB1FB2A62C002A3532 /* libUMSocialLog.a */; };
		0E2AB9DB1FB2A62C002A3532 /* UMSocialSDKResources.bundle in Resources */ = {isa = PBXBuildFile; fileRef = 0E2AB9BD1FB2A62C002A3532 /* UMSocialSDKResources.bundle */; };
		0E2AB9DC1FB2A62C002A3532 /* UShareUI.framework in Frameworks */ = {isa = PBXBuildFile; fileRef = 0E2AB9BE1FB2A62C002A3532 /* UShareUI.framework */; };
		0E2AB9E71FB2A9BF002A3532 /* libsqlite3.tbd in Frameworks */ = {isa = PBXBuildFile; fileRef = 0E2AB9DE1FB2A688002A3532 /* libsqlite3.tbd */; };
		0E2AB9E81FB2A9D5002A3532 /* CoreGraphics.framework in Frameworks */ = {isa = PBXBuildFile; fileRef = 0E2AB9DF1FB2A699002A3532 /* CoreGraphics.framework */; };
		0E2AB9E91FB2A9E4002A3532 /* SystemConfiguration.framework in Frameworks */ = {isa = PBXBuildFile; fileRef = 0E2AB9E01FB2A6A9002A3532 /* SystemConfiguration.framework */; };
		0E2AB9EA1FB2A9F4002A3532 /* CoreTelephony.framework in Frameworks */ = {isa = PBXBuildFile; fileRef = 0E2AB9E11FB2A6BA002A3532 /* CoreTelephony.framework */; };
		0E2AB9EB1FB2AA03002A3532 /* libc++.tbd in Frameworks */ = {isa = PBXBuildFile; fileRef = 0E2AB9E21FB2A6CA002A3532 /* libc++.tbd */; };
		0E2AB9EC1FB2AA10002A3532 /* libz.tbd in Frameworks */ = {isa = PBXBuildFile; fileRef = 0E2AB9E31FB2A6D5002A3532 /* libz.tbd */; };
		0E2AB9ED1FB2AA23002A3532 /* ImageIO.framework in Frameworks */ = {isa = PBXBuildFile; fileRef = 0E2AB9E41FB2A6E3002A3532 /* ImageIO.framework */; };
/* End PBXBuildFile section */

/* Begin PBXContainerItemProxy section */
		0E2AB95E1FB2A611002A3532 /* PBXContainerItemProxy */ = {
			isa = PBXContainerItemProxy;
			containerPortal = 0E2AB93D1FB2A610002A3532 /* Project object */;
			proxyType = 1;
			remoteGlobalIDString = 0E2AB9441FB2A610002A3532;
			remoteInfo = CarthageFXShare;
		};
		0E2AB9691FB2A611002A3532 /* PBXContainerItemProxy */ = {
			isa = PBXContainerItemProxy;
			containerPortal = 0E2AB93D1FB2A610002A3532 /* Project object */;
			proxyType = 1;
			remoteGlobalIDString = 0E2AB9441FB2A610002A3532;
			remoteInfo = CarthageFXShare;
		};
/* End PBXContainerItemProxy section */

/* Begin PBXFileReference section */
		0E2AB9451FB2A610002A3532 /* CarthageFXShare.app */ = {isa = PBXFileReference; explicitFileType = wrapper.application; includeInIndex = 0; path = CarthageFXShare.app; sourceTree = BUILT_PRODUCTS_DIR; };
		0E2AB9481FB2A610002A3532 /* AppDelegate.h */ = {isa = PBXFileReference; lastKnownFileType = sourcecode.c.h; path = AppDelegate.h; sourceTree = "<group>"; };
		0E2AB9491FB2A610002A3532 /* AppDelegate.m */ = {isa = PBXFileReference; lastKnownFileType = sourcecode.c.objc; path = AppDelegate.m; sourceTree = "<group>"; };
		0E2AB94B1FB2A610002A3532 /* ViewController.h */ = {isa = PBXFileReference; lastKnownFileType = sourcecode.c.h; path = ViewController.h; sourceTree = "<group>"; };
		0E2AB94C1FB2A610002A3532 /* ViewController.m */ = {isa = PBXFileReference; lastKnownFileType = sourcecode.c.objc; path = ViewController.m; sourceTree = "<group>"; };
		0E2AB94F1FB2A610002A3532 /* Base */ = {isa = PBXFileReference; lastKnownFileType = file.storyboard; name = Base; path = Base.lproj/Main.storyboard; sourceTree = "<group>"; };
		0E2AB9511FB2A610002A3532 /* Assets.xcassets */ = {isa = PBXFileReference; lastKnownFileType = folder.assetcatalog; path = Assets.xcassets; sourceTree = "<group>"; };
		0E2AB9541FB2A610002A3532 /* Base */ = {isa = PBXFileReference; lastKnownFileType = file.storyboard; name = Base; path = Base.lproj/LaunchScreen.storyboard; sourceTree = "<group>"; };
		0E2AB9561FB2A610002A3532 /* Info.plist */ = {isa = PBXFileReference; lastKnownFileType = text.plist.xml; path = Info.plist; sourceTree = "<group>"; };
		0E2AB9571FB2A610002A3532 /* main.m */ = {isa = PBXFileReference; lastKnownFileType = sourcecode.c.objc; path = main.m; sourceTree = "<group>"; };
		0E2AB95D1FB2A611002A3532 /* CarthageFXShareTests.xctest */ = {isa = PBXFileReference; explicitFileType = wrapper.cfbundle; includeInIndex = 0; path = CarthageFXShareTests.xctest; sourceTree = BUILT_PRODUCTS_DIR; };
		0E2AB9611FB2A611002A3532 /* CarthageFXShareTests.m */ = {isa = PBXFileReference; lastKnownFileType = sourcecode.c.objc; path = CarthageFXShareTests.m; sourceTree = "<group>"; };
		0E2AB9631FB2A611002A3532 /* Info.plist */ = {isa = PBXFileReference; lastKnownFileType = text.plist.xml; path = Info.plist; sourceTree = "<group>"; };
		0E2AB9681FB2A611002A3532 /* CarthageFXShareUITests.xctest */ = {isa = PBXFileReference; explicitFileType = wrapper.cfbundle; includeInIndex = 0; path = CarthageFXShareUITests.xctest; sourceTree = BUILT_PRODUCTS_DIR; };
		0E2AB96C1FB2A611002A3532 /* CarthageFXShareUITests.m */ = {isa = PBXFileReference; lastKnownFileType = sourcecode.c.objc; path = CarthageFXShareUITests.m; sourceTree = "<group>"; };
		0E2AB96E1FB2A611002A3532 /* Info.plist */ = {isa = PBXFileReference; lastKnownFileType = text.plist.xml; path = Info.plist; sourceTree = "<group>"; };
		0E2AB97A1FB2A62A002A3532 /* UIView+Toast.m */ = {isa = PBXFileReference; fileEncoding = 4; lastKnownFileType = sourcecode.c.objc; path = "UIView+Toast.m"; sourceTree = "<group>"; };
		0E2AB97B1FB2A62A002A3532 /* FXShareCentre.h */ = {isa = PBXFileReference; fileEncoding = 4; lastKnownFileType = sourcecode.c.h; path = FXShareCentre.h; sourceTree = "<group>"; };
		0E2AB97C1FB2A62A002A3532 /* FXShareCentre.m */ = {isa = PBXFileReference; fileEncoding = 4; lastKnownFileType = sourcecode.c.objc; path = FXShareCentre.m; sourceTree = "<group>"; };
		0E2AB97E1FB2A62A002A3532 /* MJExtension.h */ = {isa = PBXFileReference; fileEncoding = 4; lastKnownFileType = sourcecode.c.h; path = MJExtension.h; sourceTree = "<group>"; };
		0E2AB97F1FB2A62A002A3532 /* MJExtensionConst.h */ = {isa = PBXFileReference; fileEncoding = 4; lastKnownFileType = sourcecode.c.h; path = MJExtensionConst.h; sourceTree = "<group>"; };
		0E2AB9801FB2A62A002A3532 /* MJExtensionConst.m */ = {isa = PBXFileReference; fileEncoding = 4; lastKnownFileType = sourcecode.c.objc; path = MJExtensionConst.m; sourceTree = "<group>"; };
		0E2AB9811FB2A62A002A3532 /* MJFoundation.h */ = {isa = PBXFileReference; fileEncoding = 4; lastKnownFileType = sourcecode.c.h; path = MJFoundation.h; sourceTree = "<group>"; };
		0E2AB9821FB2A62A002A3532 /* MJFoundation.m */ = {isa = PBXFileReference; fileEncoding = 4; lastKnownFileType = sourcecode.c.objc; path = MJFoundation.m; sourceTree = "<group>"; };
		0E2AB9831FB2A62A002A3532 /* MJProperty.h */ = {isa = PBXFileReference; fileEncoding = 4; lastKnownFileType = sourcecode.c.h; path = MJProperty.h; sourceTree = "<group>"; };
		0E2AB9841FB2A62A002A3532 /* MJProperty.m */ = {isa = PBXFileReference; fileEncoding = 4; lastKnownFileType = sourcecode.c.objc; path = MJProperty.m; sourceTree = "<group>"; };
		0E2AB9851FB2A62A002A3532 /* MJPropertyKey.h */ = {isa = PBXFileReference; fileEncoding = 4; lastKnownFileType = sourcecode.c.h; path = MJPropertyKey.h; sourceTree = "<group>"; };
		0E2AB9861FB2A62A002A3532 /* MJPropertyKey.m */ = {isa = PBXFileReference; fileEncoding = 4; lastKnownFileType = sourcecode.c.objc; path = MJPropertyKey.m; sourceTree = "<group>"; };
		0E2AB9871FB2A62A002A3532 /* MJPropertyType.h */ = {isa = PBXFileReference; fileEncoding = 4; lastKnownFileType = sourcecode.c.h; path = MJPropertyType.h; sourceTree = "<group>"; };
		0E2AB9881FB2A62A002A3532 /* MJPropertyType.m */ = {isa = PBXFileReference; fileEncoding = 4; lastKnownFileType = sourcecode.c.objc; path = MJPropertyType.m; sourceTree = "<group>"; };
		0E2AB9891FB2A62A002A3532 /* NSObject+MJClass.h */ = {isa = PBXFileReference; fileEncoding = 4; lastKnownFileType = sourcecode.c.h; path = "NSObject+MJClass.h"; sourceTree = "<group>"; };
		0E2AB98A1FB2A62A002A3532 /* NSObject+MJClass.m */ = {isa = PBXFileReference; fileEncoding = 4; lastKnownFileType = sourcecode.c.objc; path = "NSObject+MJClass.m"; sourceTree = "<group>"; };
		0E2AB98B1FB2A62A002A3532 /* NSObject+MJCoding.h */ = {isa = PBXFileReference; fileEncoding = 4; lastKnownFileType = sourcecode.c.h; path = "NSObject+MJCoding.h"; sourceTree = "<group>"; };
		0E2AB98C1FB2A62A002A3532 /* NSObject+MJCoding.m */ = {isa = PBXFileReference; fileEncoding = 4; lastKnownFileType = sourcecode.c.objc; path = "NSObject+MJCoding.m"; sourceTree = "<group>"; };
		0E2AB98D1FB2A62A002A3532 /* NSObject+MJKeyValue.h */ = {isa = PBXFileReference; fileEncoding = 4; lastKnownFileType = sourcecode.c.h; path = "NSObject+MJKeyValue.h"; sourceTree = "<group>"; };
		0E2AB98E1FB2A62A002A3532 /* NSObject+MJKeyValue.m */ = {isa = PBXFileReference; fileEncoding = 4; lastKnownFileType = sourcecode.c.objc; path = "NSObject+MJKeyValue.m"; sourceTree = "<group>"; };
		0E2AB98F1FB2A62A002A3532 /* NSObject+MJProperty.h */ = {isa = PBXFileReference; fileEncoding = 4; lastKnownFileType = sourcecode.c.h; path = "NSObject+MJProperty.h"; sourceTree = "<group>"; };
		0E2AB9901FB2A62A002A3532 /* NSObject+MJProperty.m */ = {isa = PBXFileReference; fileEncoding = 4; lastKnownFileType = sourcecode.c.objc; path = "NSObject+MJProperty.m"; sourceTree = "<group>"; };
		0E2AB9911FB2A62A002A3532 /* NSString+MJExtension.h */ = {isa = PBXFileReference; fileEncoding = 4; lastKnownFileType = sourcecode.c.h; path = "NSString+MJExtension.h"; sourceTree = "<group>"; };
		0E2AB9921FB2A62A002A3532 /* NSString+MJExtension.m */ = {isa = PBXFileReference; fileEncoding = 4; lastKnownFileType = sourcecode.c.objc; path = "NSString+MJExtension.m"; sourceTree = "<group>"; };
		0E2AB9931FB2A62A002A3532 /* UIView+Toast.h */ = {isa = PBXFileReference; fileEncoding = 4; lastKnownFileType = sourcecode.c.h; path = "UIView+Toast.h"; sourceTree = "<group>"; };
		0E2AB9971FB2A62C002A3532 /* DTShareKit.framework */ = {isa = PBXFileReference; lastKnownFileType = wrapper.framework; path = DTShareKit.framework; sourceTree = "<group>"; };
		0E2AB9981FB2A62C002A3532 /* libSocialDingDing.a */ = {isa = PBXFileReference; lastKnownFileType = archive.ar; path = libSocialDingDing.a; sourceTree = "<group>"; };
		0E2AB9991FB2A62C002A3532 /* UMSocialDingDingHandler.h */ = {isa = PBXFileReference; fileEncoding = 4; lastKnownFileType = sourcecode.c.h; path = UMSocialDingDingHandler.h; sourceTree = "<group>"; };
		0E2AB99B1FB2A62C002A3532 /* libSocialQQ.a */ = {isa = PBXFileReference; lastKnownFileType = archive.ar; path = libSocialQQ.a; sourceTree = "<group>"; };
		0E2AB99D1FB2A62C002A3532 /* TencentOpenAPI.framework */ = {isa = PBXFileReference; lastKnownFileType = wrapper.framework; path = TencentOpenAPI.framework; sourceTree = "<group>"; };
		0E2AB99E1FB2A62C002A3532 /* TencentOpenApi_IOS_Bundle.bundle */ = {isa = PBXFileReference; lastKnownFileType = "wrapper.plug-in"; path = TencentOpenApi_IOS_Bundle.bundle; sourceTree = "<group>"; };
		0E2AB99F1FB2A62C002A3532 /* UMSocialQQHandler.h */ = {isa = PBXFileReference; fileEncoding = 4; lastKnownFileType = sourcecode.c.h; path = UMSocialQQHandler.h; sourceTree = "<group>"; };
		0E2AB9A11FB2A62C002A3532 /* libSocialSina.a */ = {isa = PBXFileReference; lastKnownFileType = archive.ar; path = libSocialSina.a; sourceTree = "<group>"; };
		0E2AB9A31FB2A62C002A3532 /* libWeiboSDK.a */ = {isa = PBXFileReference; lastKnownFileType = archive.ar; path = libWeiboSDK.a; sourceTree = "<group>"; };
		0E2AB9A41FB2A62C002A3532 /* WBHttpRequest+WeiboToken.h */ = {isa = PBXFileReference; fileEncoding = 4; lastKnownFileType = sourcecode.c.h; path = "WBHttpRequest+WeiboToken.h"; sourceTree = "<group>"; };
		0E2AB9A51FB2A62C002A3532 /* WBHttpRequest.h */ = {isa = PBXFileReference; fileEncoding = 4; lastKnownFileType = sourcecode.c.h; path = WBHttpRequest.h; sourceTree = "<group>"; };
		0E2AB9A61FB2A62C002A3532 /* WeiboSDK+Statistics.h */ = {isa = PBXFileReference; fileEncoding = 4; lastKnownFileType = sourcecode.c.h; path = "WeiboSDK+Statistics.h"; sourceTree = "<group>"; };
		0E2AB9A71FB2A62C002A3532 /* WeiboSDK.bundle */ = {isa = PBXFileReference; lastKnownFileType = "wrapper.plug-in"; path = WeiboSDK.bundle; sourceTree = "<group>"; };
		0E2AB9A81FB2A62C002A3532 /* WeiboSDK.h */ = {isa = PBXFileReference; fileEncoding = 4; lastKnownFileType = sourcecode.c.h; path = WeiboSDK.h; sourceTree = "<group>"; };
		0E2AB9A91FB2A62C002A3532 /* UMSocialSinaHandler.h */ = {isa = PBXFileReference; fileEncoding = 4; lastKnownFileType = sourcecode.c.h; path = UMSocialSinaHandler.h; sourceTree = "<group>"; };
		0E2AB9AB1FB2A62C002A3532 /* libSocialUniqueId.a */ = {isa = PBXFileReference; lastKnownFileType = archive.ar; path = libSocialUniqueId.a; sourceTree = "<group>"; };
		0E2AB9AC1FB2A62C002A3532 /* UMSocialUniqueIdHandler.h */ = {isa = PBXFileReference; fileEncoding = 4; lastKnownFileType = sourcecode.c.h; path = UMSocialUniqueIdHandler.h; sourceTree = "<group>"; };
		0E2AB9AE1FB2A62C002A3532 /* libSocialWeChat.a */ = {isa = PBXFileReference; lastKnownFileType = archive.ar; path = libSocialWeChat.a; sourceTree = "<group>"; };
		0E2AB9AF1FB2A62C002A3532 /* UMSocialWechatHandler.h */ = {isa = PBXFileReference; fileEncoding = 4; lastKnownFileType = sourcecode.c.h; path = UMSocialWechatHandler.h; sourceTree = "<group>"; };
		0E2AB9B11FB2A62C002A3532 /* libWeChatSDK.a */ = {isa = PBXFileReference; lastKnownFileType = archive.ar; path = libWeChatSDK.a; sourceTree = "<group>"; };
		0E2AB9B21FB2A62C002A3532 /* README.txt */ = {isa = PBXFileReference; fileEncoding = 4; lastKnownFileType = text; path = README.txt; sourceTree = "<group>"; };
		0E2AB9B31FB2A62C002A3532 /* WechatAuthSDK.h */ = {isa = PBXFileReference; fileEncoding = 4; lastKnownFileType = sourcecode.c.h; path = WechatAuthSDK.h; sourceTree = "<group>"; };
		0E2AB9B41FB2A62C002A3532 /* WXApi.h */ = {isa = PBXFileReference; fileEncoding = 4; lastKnownFileType = sourcecode.c.h; path = WXApi.h; sourceTree = "<group>"; };
		0E2AB9B51FB2A62C002A3532 /* WXApiObject.h */ = {isa = PBXFileReference; fileEncoding = 4; lastKnownFileType = sourcecode.c.h; path = WXApiObject.h; sourceTree = "<group>"; };
		0E2AB9B71FB2A62C002A3532 /* UMSocialCore.framework */ = {isa = PBXFileReference; lastKnownFileType = wrapper.framework; path = UMSocialCore.framework; sourceTree = "<group>"; };
		0E2AB9B81FB2A62C002A3532 /* UMSocialNetwork.framework */ = {isa = PBXFileReference; lastKnownFileType = wrapper.framework; path = UMSocialNetwork.framework; sourceTree = "<group>"; };
		0E2AB9B91FB2A62C002A3532 /* UMSocialSDKPromptResources.bundle */ = {isa = PBXFileReference; lastKnownFileType = "wrapper.plug-in"; path = UMSocialSDKPromptResources.bundle; sourceTree = "<group>"; };
		0E2AB9BB1FB2A62C002A3532 /* libUMSocialLog.a */ = {isa = PBXFileReference; lastKnownFileType = archive.ar; path = libUMSocialLog.a; sourceTree = "<group>"; };
		0E2AB9BD1FB2A62C002A3532 /* UMSocialSDKResources.bundle */ = {isa = PBXFileReference; lastKnownFileType = "wrapper.plug-in"; path = UMSocialSDKResources.bundle; sourceTree = "<group>"; };
		0E2AB9BE1FB2A62C002A3532 /* UShareUI.framework */ = {isa = PBXFileReference; lastKnownFileType = wrapper.framework; path = UShareUI.framework; sourceTree = "<group>"; };
		0E2AB9DE1FB2A688002A3532 /* libsqlite3.tbd */ = {isa = PBXFileReference; lastKnownFileType = "sourcecode.text-based-dylib-definition"; name = libsqlite3.tbd; path = usr/lib/libsqlite3.tbd; sourceTree = SDKROOT; };
		0E2AB9DF1FB2A699002A3532 /* CoreGraphics.framework */ = {isa = PBXFileReference; lastKnownFileType = wrapper.framework; name = CoreGraphics.framework; path = System/Library/Frameworks/CoreGraphics.framework; sourceTree = SDKROOT; };
		0E2AB9E01FB2A6A9002A3532 /* SystemConfiguration.framework */ = {isa = PBXFileReference; lastKnownFileType = wrapper.framework; name = SystemConfiguration.framework; path = System/Library/Frameworks/SystemConfiguration.framework; sourceTree = SDKROOT; };
		0E2AB9E11FB2A6BA002A3532 /* CoreTelephony.framework */ = {isa = PBXFileReference; lastKnownFileType = wrapper.framework; name = CoreTelephony.framework; path = System/Library/Frameworks/CoreTelephony.framework; sourceTree = SDKROOT; };
		0E2AB9E21FB2A6CA002A3532 /* libc++.tbd */ = {isa = PBXFileReference; lastKnownFileType = "sourcecode.text-based-dylib-definition"; name = "libc++.tbd"; path = "usr/lib/libc++.tbd"; sourceTree = SDKROOT; };
		0E2AB9E31FB2A6D5002A3532 /* libz.tbd */ = {isa = PBXFileReference; lastKnownFileType = "sourcecode.text-based-dylib-definition"; name = libz.tbd; path = usr/lib/libz.tbd; sourceTree = SDKROOT; };
		0E2AB9E41FB2A6E3002A3532 /* ImageIO.framework */ = {isa = PBXFileReference; lastKnownFileType = wrapper.framework; name = ImageIO.framework; path = System/Library/Frameworks/ImageIO.framework; sourceTree = SDKROOT; };
		0E2AB9E51FB2A79F002A3532 /* libsqlite3.0.tbd */ = {isa = PBXFileReference; lastKnownFileType = "sourcecode.text-based-dylib-definition"; name = libsqlite3.0.tbd; path = usr/lib/libsqlite3.0.tbd; sourceTree = SDKROOT; };
/* End PBXFileReference section */

/* Begin PBXFrameworksBuildPhase section */
		0E2AB9421FB2A610002A3532 /* Frameworks */ = {
			isa = PBXFrameworksBuildPhase;
			buildActionMask = 2147483647;
			files = (
				0E2AB9ED1FB2AA23002A3532 /* ImageIO.framework in Frameworks */,
				0E2AB9EC1FB2AA10002A3532 /* libz.tbd in Frameworks */,
				0E2AB9EB1FB2AA03002A3532 /* libc++.tbd in Frameworks */,
				0E2AB9EA1FB2A9F4002A3532 /* CoreTelephony.framework in Frameworks */,
				0E2AB9E91FB2A9E4002A3532 /* SystemConfiguration.framework in Frameworks */,
				0E2AB9E81FB2A9D5002A3532 /* CoreGraphics.framework in Frameworks */,
				0E2AB9E71FB2A9BF002A3532 /* libsqlite3.tbd in Frameworks */,
				0E2AB9D71FB2A62C002A3532 /* UMSocialCore.framework in Frameworks */,
				0E2AB9CD1FB2A62C002A3532 /* libSocialQQ.a in Frameworks */,
				0E2AB9D31FB2A62C002A3532 /* libSocialUniqueId.a in Frameworks */,
				0E2AB9D51FB2A62C002A3532 /* libWeChatSDK.a in Frameworks */,
				0E2AB9D11FB2A62C002A3532 /* libWeiboSDK.a in Frameworks */,
				0E2AB9CE1FB2A62C002A3532 /* TencentOpenAPI.framework in Frameworks */,
				0E2AB9D01FB2A62C002A3532 /* libSocialSina.a in Frameworks */,
				0E2AB9D81FB2A62C002A3532 /* UMSocialNetwork.framework in Frameworks */,
				0E2AB9CC1FB2A62C002A3532 /* libSocialDingDing.a in Frameworks */,
				0E2AB9DC1FB2A62C002A3532 /* UShareUI.framework in Frameworks */,
				0E2AB9DA1FB2A62C002A3532 /* libUMSocialLog.a in Frameworks */,
				0E2AB9D41FB2A62C002A3532 /* libSocialWeChat.a in Frameworks */,
				0E2AB9CB1FB2A62C002A3532 /* DTShareKit.framework in Frameworks */,
			);
			runOnlyForDeploymentPostprocessing = 0;
		};
		0E2AB95A1FB2A611002A3532 /* Frameworks */ = {
			isa = PBXFrameworksBuildPhase;
			buildActionMask = 2147483647;
			files = (
			);
			runOnlyForDeploymentPostprocessing = 0;
		};
		0E2AB9651FB2A611002A3532 /* Frameworks */ = {
			isa = PBXFrameworksBuildPhase;
			buildActionMask = 2147483647;
			files = (
			);
			runOnlyForDeploymentPostprocessing = 0;
		};
/* End PBXFrameworksBuildPhase section */

/* Begin PBXGroup section */
		0E2AB93C1FB2A610002A3532 = {
			isa = PBXGroup;
			children = (
				0E2AB9471FB2A610002A3532 /* CarthageFXShare */,
				0E2AB9601FB2A611002A3532 /* CarthageFXShareTests */,
				0E2AB96B1FB2A611002A3532 /* CarthageFXShareUITests */,
				0E2AB9461FB2A610002A3532 /* Products */,
				0E2AB9DD1FB2A687002A3532 /* Frameworks */,
			);
			sourceTree = "<group>";
		};
		0E2AB9461FB2A610002A3532 /* Products */ = {
			isa = PBXGroup;
			children = (
				0E2AB9451FB2A610002A3532 /* CarthageFXShare.app */,
				0E2AB95D1FB2A611002A3532 /* CarthageFXShareTests.xctest */,
				0E2AB9681FB2A611002A3532 /* CarthageFXShareUITests.xctest */,
			);
			name = Products;
			sourceTree = "<group>";
		};
		0E2AB9471FB2A610002A3532 /* CarthageFXShare */ = {
			isa = PBXGroup;
			children = (
				0E2AB97B1FB2A62A002A3532 /* FXShareCentre.h */,
				0E2AB97C1FB2A62A002A3532 /* FXShareCentre.m */,
				0E2AB97D1FB2A62A002A3532 /* MJExtension */,
				0E2AB9931FB2A62A002A3532 /* UIView+Toast.h */,
				0E2AB97A1FB2A62A002A3532 /* UIView+Toast.m */,
				0E2AB9941FB2A62C002A3532 /* UMSocial */,
				0E2AB9481FB2A610002A3532 /* AppDelegate.h */,
				0E2AB9491FB2A610002A3532 /* AppDelegate.m */,
				0E2AB94B1FB2A610002A3532 /* ViewController.h */,
				0E2AB94C1FB2A610002A3532 /* ViewController.m */,
				0E2AB94E1FB2A610002A3532 /* Main.storyboard */,
				0E2AB9511FB2A610002A3532 /* Assets.xcassets */,
				0E2AB9531FB2A610002A3532 /* LaunchScreen.storyboard */,
				0E2AB9561FB2A610002A3532 /* Info.plist */,
				0E2AB9571FB2A610002A3532 /* main.m */,
			);
			path = CarthageFXShare;
			sourceTree = "<group>";
		};
		0E2AB9601FB2A611002A3532 /* CarthageFXShareTests */ = {
			isa = PBXGroup;
			children = (
				0E2AB9611FB2A611002A3532 /* CarthageFXShareTests.m */,
				0E2AB9631FB2A611002A3532 /* Info.plist */,
			);
			path = CarthageFXShareTests;
			sourceTree = "<group>";
		};
		0E2AB96B1FB2A611002A3532 /* CarthageFXShareUITests */ = {
			isa = PBXGroup;
			children = (
				0E2AB96C1FB2A611002A3532 /* CarthageFXShareUITests.m */,
				0E2AB96E1FB2A611002A3532 /* Info.plist */,
			);
			path = CarthageFXShareUITests;
			sourceTree = "<group>";
		};
		0E2AB97D1FB2A62A002A3532 /* MJExtension */ = {
			isa = PBXGroup;
			children = (
				0E2AB97E1FB2A62A002A3532 /* MJExtension.h */,
				0E2AB97F1FB2A62A002A3532 /* MJExtensionConst.h */,
				0E2AB9801FB2A62A002A3532 /* MJExtensionConst.m */,
				0E2AB9811FB2A62A002A3532 /* MJFoundation.h */,
				0E2AB9821FB2A62A002A3532 /* MJFoundation.m */,
				0E2AB9831FB2A62A002A3532 /* MJProperty.h */,
				0E2AB9841FB2A62A002A3532 /* MJProperty.m */,
				0E2AB9851FB2A62A002A3532 /* MJPropertyKey.h */,
				0E2AB9861FB2A62A002A3532 /* MJPropertyKey.m */,
				0E2AB9871FB2A62A002A3532 /* MJPropertyType.h */,
				0E2AB9881FB2A62A002A3532 /* MJPropertyType.m */,
				0E2AB9891FB2A62A002A3532 /* NSObject+MJClass.h */,
				0E2AB98A1FB2A62A002A3532 /* NSObject+MJClass.m */,
				0E2AB98B1FB2A62A002A3532 /* NSObject+MJCoding.h */,
				0E2AB98C1FB2A62A002A3532 /* NSObject+MJCoding.m */,
				0E2AB98D1FB2A62A002A3532 /* NSObject+MJKeyValue.h */,
				0E2AB98E1FB2A62A002A3532 /* NSObject+MJKeyValue.m */,
				0E2AB98F1FB2A62A002A3532 /* NSObject+MJProperty.h */,
				0E2AB9901FB2A62A002A3532 /* NSObject+MJProperty.m */,
				0E2AB9911FB2A62A002A3532 /* NSString+MJExtension.h */,
				0E2AB9921FB2A62A002A3532 /* NSString+MJExtension.m */,
			);
			path = MJExtension;
			sourceTree = "<group>";
		};
		0E2AB9941FB2A62C002A3532 /* UMSocial */ = {
			isa = PBXGroup;
			children = (
				0E2AB9951FB2A62C002A3532 /* SocialLibraries */,
				0E2AB9B61FB2A62C002A3532 /* UMSocialSDK */,
				0E2AB9BA1FB2A62C002A3532 /* UMSocialSDKPlugin */,
				0E2AB9BC1FB2A62C002A3532 /* UMSocialUI */,
			);
			path = UMSocial;
			sourceTree = "<group>";
		};
		0E2AB9951FB2A62C002A3532 /* SocialLibraries */ = {
			isa = PBXGroup;
			children = (
				0E2AB9961FB2A62C002A3532 /* DingDing */,
				0E2AB99A1FB2A62C002A3532 /* QQ */,
				0E2AB9A01FB2A62C002A3532 /* Sina */,
				0E2AB9AA1FB2A62C002A3532 /* UniqueId */,
				0E2AB9AD1FB2A62C002A3532 /* WeChat */,
			);
			path = SocialLibraries;
			sourceTree = "<group>";
		};
		0E2AB9961FB2A62C002A3532 /* DingDing */ = {
			isa = PBXGroup;
			children = (
				0E2AB9971FB2A62C002A3532 /* DTShareKit.framework */,
				0E2AB9981FB2A62C002A3532 /* libSocialDingDing.a */,
				0E2AB9991FB2A62C002A3532 /* UMSocialDingDingHandler.h */,
			);
			path = DingDing;
			sourceTree = "<group>";
		};
		0E2AB99A1FB2A62C002A3532 /* QQ */ = {
			isa = PBXGroup;
			children = (
				0E2AB99B1FB2A62C002A3532 /* libSocialQQ.a */,
				0E2AB99C1FB2A62C002A3532 /* QQSDK */,
				0E2AB99F1FB2A62C002A3532 /* UMSocialQQHandler.h */,
			);
			path = QQ;
			sourceTree = "<group>";
		};
		0E2AB99C1FB2A62C002A3532 /* QQSDK */ = {
			isa = PBXGroup;
			children = (
				0E2AB99D1FB2A62C002A3532 /* TencentOpenAPI.framework */,
				0E2AB99E1FB2A62C002A3532 /* TencentOpenApi_IOS_Bundle.bundle */,
			);
			path = QQSDK;
			sourceTree = "<group>";
		};
		0E2AB9A01FB2A62C002A3532 /* Sina */ = {
			isa = PBXGroup;
			children = (
				0E2AB9A11FB2A62C002A3532 /* libSocialSina.a */,
				0E2AB9A21FB2A62C002A3532 /* SinaSDK */,
				0E2AB9A91FB2A62C002A3532 /* UMSocialSinaHandler.h */,
			);
			path = Sina;
			sourceTree = "<group>";
		};
		0E2AB9A21FB2A62C002A3532 /* SinaSDK */ = {
			isa = PBXGroup;
			children = (
				0E2AB9A31FB2A62C002A3532 /* libWeiboSDK.a */,
				0E2AB9A41FB2A62C002A3532 /* WBHttpRequest+WeiboToken.h */,
				0E2AB9A51FB2A62C002A3532 /* WBHttpRequest.h */,
				0E2AB9A61FB2A62C002A3532 /* WeiboSDK+Statistics.h */,
				0E2AB9A71FB2A62C002A3532 /* WeiboSDK.bundle */,
				0E2AB9A81FB2A62C002A3532 /* WeiboSDK.h */,
			);
			path = SinaSDK;
			sourceTree = "<group>";
		};
		0E2AB9AA1FB2A62C002A3532 /* UniqueId */ = {
			isa = PBXGroup;
			children = (
				0E2AB9AB1FB2A62C002A3532 /* libSocialUniqueId.a */,
				0E2AB9AC1FB2A62C002A3532 /* UMSocialUniqueIdHandler.h */,
			);
			path = UniqueId;
			sourceTree = "<group>";
		};
		0E2AB9AD1FB2A62C002A3532 /* WeChat */ = {
			isa = PBXGroup;
			children = (
				0E2AB9AE1FB2A62C002A3532 /* libSocialWeChat.a */,
				0E2AB9AF1FB2A62C002A3532 /* UMSocialWechatHandler.h */,
				0E2AB9B01FB2A62C002A3532 /* WechatSDK */,
			);
			path = WeChat;
			sourceTree = "<group>";
		};
		0E2AB9B01FB2A62C002A3532 /* WechatSDK */ = {
			isa = PBXGroup;
			children = (
				0E2AB9B11FB2A62C002A3532 /* libWeChatSDK.a */,
				0E2AB9B21FB2A62C002A3532 /* README.txt */,
				0E2AB9B31FB2A62C002A3532 /* WechatAuthSDK.h */,
				0E2AB9B41FB2A62C002A3532 /* WXApi.h */,
				0E2AB9B51FB2A62C002A3532 /* WXApiObject.h */,
			);
			path = WechatSDK;
			sourceTree = "<group>";
		};
		0E2AB9B61FB2A62C002A3532 /* UMSocialSDK */ = {
			isa = PBXGroup;
			children = (
				0E2AB9B71FB2A62C002A3532 /* UMSocialCore.framework */,
				0E2AB9B81FB2A62C002A3532 /* UMSocialNetwork.framework */,
				0E2AB9B91FB2A62C002A3532 /* UMSocialSDKPromptResources.bundle */,
			);
			path = UMSocialSDK;
			sourceTree = "<group>";
		};
		0E2AB9BA1FB2A62C002A3532 /* UMSocialSDKPlugin */ = {
			isa = PBXGroup;
			children = (
				0E2AB9BB1FB2A62C002A3532 /* libUMSocialLog.a */,
			);
			path = UMSocialSDKPlugin;
			sourceTree = "<group>";
		};
		0E2AB9BC1FB2A62C002A3532 /* UMSocialUI */ = {
			isa = PBXGroup;
			children = (
				0E2AB9BD1FB2A62C002A3532 /* UMSocialSDKResources.bundle */,
				0E2AB9BE1FB2A62C002A3532 /* UShareUI.framework */,
			);
			path = UMSocialUI;
			sourceTree = "<group>";
		};
		0E2AB9DD1FB2A687002A3532 /* Frameworks */ = {
			isa = PBXGroup;
			children = (
				0E2AB9E51FB2A79F002A3532 /* libsqlite3.0.tbd */,
				0E2AB9E41FB2A6E3002A3532 /* ImageIO.framework */,
				0E2AB9E31FB2A6D5002A3532 /* libz.tbd */,
				0E2AB9E21FB2A6CA002A3532 /* libc++.tbd */,
				0E2AB9E11FB2A6BA002A3532 /* CoreTelephony.framework */,
				0E2AB9E01FB2A6A9002A3532 /* SystemConfiguration.framework */,
				0E2AB9DF1FB2A699002A3532 /* CoreGraphics.framework */,
				0E2AB9DE1FB2A688002A3532 /* libsqlite3.tbd */,
			);
			name = Frameworks;
			sourceTree = "<group>";
		};
/* End PBXGroup section */

/* Begin PBXNativeTarget section */
		0E2AB9441FB2A610002A3532 /* CarthageFXShare */ = {
			isa = PBXNativeTarget;
			buildConfigurationList = 0E2AB9711FB2A611002A3532 /* Build configuration list for PBXNativeTarget "CarthageFXShare" */;
			buildPhases = (
				0E2AB9411FB2A610002A3532 /* Sources */,
				0E2AB9421FB2A610002A3532 /* Frameworks */,
				0E2AB9431FB2A610002A3532 /* Resources */,
			);
			buildRules = (
			);
			dependencies = (
			);
			name = CarthageFXShare;
			productName = CarthageFXShare;
			productReference = 0E2AB9451FB2A610002A3532 /* CarthageFXShare.app */;
			productType = "com.apple.product-type.application";
		};
		0E2AB95C1FB2A611002A3532 /* CarthageFXShareTests */ = {
			isa = PBXNativeTarget;
			buildConfigurationList = 0E2AB9741FB2A611002A3532 /* Build configuration list for PBXNativeTarget "CarthageFXShareTests" */;
			buildPhases = (
				0E2AB9591FB2A611002A3532 /* Sources */,
				0E2AB95A1FB2A611002A3532 /* Frameworks */,
				0E2AB95B1FB2A611002A3532 /* Resources */,
			);
			buildRules = (
			);
			dependencies = (
				0E2AB95F1FB2A611002A3532 /* PBXTargetDependency */,
			);
			name = CarthageFXShareTests;
			productName = CarthageFXShareTests;
			productReference = 0E2AB95D1FB2A611002A3532 /* CarthageFXShareTests.xctest */;
			productType = "com.apple.product-type.bundle.unit-test";
		};
		0E2AB9671FB2A611002A3532 /* CarthageFXShareUITests */ = {
			isa = PBXNativeTarget;
			buildConfigurationList = 0E2AB9771FB2A611002A3532 /* Build configuration list for PBXNativeTarget "CarthageFXShareUITests" */;
			buildPhases = (
				0E2AB9641FB2A611002A3532 /* Sources */,
				0E2AB9651FB2A611002A3532 /* Frameworks */,
				0E2AB9661FB2A611002A3532 /* Resources */,
			);
			buildRules = (
			);
			dependencies = (
				0E2AB96A1FB2A611002A3532 /* PBXTargetDependency */,
			);
			name = CarthageFXShareUITests;
			productName = CarthageFXShareUITests;
			productReference = 0E2AB9681FB2A611002A3532 /* CarthageFXShareUITests.xctest */;
			productType = "com.apple.product-type.bundle.ui-testing";
		};
/* End PBXNativeTarget section */

/* Begin PBXProject section */
		0E2AB93D1FB2A610002A3532 /* Project object */ = {
			isa = PBXProject;
			attributes = {
				LastUpgradeCheck = 0900;
				ORGANIZATIONNAME = huangwei;
				TargetAttributes = {
					0E2AB9441FB2A610002A3532 = {
						CreatedOnToolsVersion = 9.0.1;
						ProvisioningStyle = Automatic;
					};
					0E2AB95C1FB2A611002A3532 = {
						CreatedOnToolsVersion = 9.0.1;
						ProvisioningStyle = Automatic;
						TestTargetID = 0E2AB9441FB2A610002A3532;
					};
					0E2AB9671FB2A611002A3532 = {
						CreatedOnToolsVersion = 9.0.1;
						ProvisioningStyle = Automatic;
						TestTargetID = 0E2AB9441FB2A610002A3532;
					};
				};
			};
			buildConfigurationList = 0E2AB9401FB2A610002A3532 /* Build configuration list for PBXProject "CarthageFXShare" */;
			compatibilityVersion = "Xcode 8.0";
			developmentRegion = en;
			hasScannedForEncodings = 0;
			knownRegions = (
				en,
				Base,
			);
			mainGroup = 0E2AB93C1FB2A610002A3532;
			productRefGroup = 0E2AB9461FB2A610002A3532 /* Products */;
			projectDirPath = "";
			projectRoot = "";
			targets = (
				0E2AB9441FB2A610002A3532 /* CarthageFXShare */,
				0E2AB95C1FB2A611002A3532 /* CarthageFXShareTests */,
				0E2AB9671FB2A611002A3532 /* CarthageFXShareUITests */,
			);
		};
/* End PBXProject section */

/* Begin PBXResourcesBuildPhase section */
		0E2AB9431FB2A610002A3532 /* Resources */ = {
			isa = PBXResourcesBuildPhase;
			buildActionMask = 2147483647;
			files = (
				0E2AB9CF1FB2A62C002A3532 /* TencentOpenApi_IOS_Bundle.bundle in Resources */,
				0E2AB9551FB2A610002A3532 /* LaunchScreen.storyboard in Resources */,
				0E2AB9D21FB2A62C002A3532 /* WeiboSDK.bundle in Resources */,
				0E2AB9D91FB2A62C002A3532 /* UMSocialSDKPromptResources.bundle in Resources */,
				0E2AB9521FB2A610002A3532 /* Assets.xcassets in Resources */,
				0E2AB9DB1FB2A62C002A3532 /* UMSocialSDKResources.bundle in Resources */,
				0E2AB9D61FB2A62C002A3532 /* README.txt in Resources */,
				0E2AB9501FB2A610002A3532 /* Main.storyboard in Resources */,
			);
			runOnlyForDeploymentPostprocessing = 0;
		};
		0E2AB95B1FB2A611002A3532 /* Resources */ = {
			isa = PBXResourcesBuildPhase;
			buildActionMask = 2147483647;
			files = (
			);
			runOnlyForDeploymentPostprocessing = 0;
		};
		0E2AB9661FB2A611002A3532 /* Resources */ = {
			isa = PBXResourcesBuildPhase;
			buildActionMask = 2147483647;
			files = (
			);
			runOnlyForDeploymentPostprocessing = 0;
		};
/* End PBXResourcesBuildPhase section */

/* Begin PBXSourcesBuildPhase section */
		0E2AB9411FB2A610002A3532 /* Sources */ = {
			isa = PBXSourcesBuildPhase;
			buildActionMask = 2147483647;
			files = (
				0E2AB9C01FB2A62C002A3532 /* FXShareCentre.m in Sources */,
				0E2AB9C21FB2A62C002A3532 /* MJFoundation.m in Sources */,
				0E2AB9C81FB2A62C002A3532 /* NSObject+MJKeyValue.m in Sources */,
				0E2AB9BF1FB2A62C002A3532 /* UIView+Toast.m in Sources */,
				0E2AB9C31FB2A62C002A3532 /* MJProperty.m in Sources */,
				0E2AB9C41FB2A62C002A3532 /* MJPropertyKey.m in Sources */,
				0E2AB9C51FB2A62C002A3532 /* MJPropertyType.m in Sources */,
				0E2AB9C61FB2A62C002A3532 /* NSObject+MJClass.m in Sources */,
				0E2AB9CA1FB2A62C002A3532 /* NSString+MJExtension.m in Sources */,
				0E2AB94D1FB2A610002A3532 /* ViewController.m in Sources */,
				0E2AB9C91FB2A62C002A3532 /* NSObject+MJProperty.m in Sources */,
				0E2AB9C71FB2A62C002A3532 /* NSObject+MJCoding.m in Sources */,
				0E2AB9581FB2A610002A3532 /* main.m in Sources */,
				0E2AB9C11FB2A62C002A3532 /* MJExtensionConst.m in Sources */,
				0E2AB94A1FB2A610002A3532 /* AppDelegate.m in Sources */,
			);
			runOnlyForDeploymentPostprocessing = 0;
		};
		0E2AB9591FB2A611002A3532 /* Sources */ = {
			isa = PBXSourcesBuildPhase;
			buildActionMask = 2147483647;
			files = (
				0E2AB9621FB2A611002A3532 /* CarthageFXShareTests.m in Sources */,
			);
			runOnlyForDeploymentPostprocessing = 0;
		};
		0E2AB9641FB2A611002A3532 /* Sources */ = {
			isa = PBXSourcesBuildPhase;
			buildActionMask = 2147483647;
			files = (
				0E2AB96D1FB2A611002A3532 /* CarthageFXShareUITests.m in Sources */,
			);
			runOnlyForDeploymentPostprocessing = 0;
		};
/* End PBXSourcesBuildPhase section */

/* Begin PBXTargetDependency section */
		0E2AB95F1FB2A611002A3532 /* PBXTargetDependency */ = {
			isa = PBXTargetDependency;
			target = 0E2AB9441FB2A610002A3532 /* CarthageFXShare */;
			targetProxy = 0E2AB95E1FB2A611002A3532 /* PBXContainerItemProxy */;
		};
		0E2AB96A1FB2A611002A3532 /* PBXTargetDependency */ = {
			isa = PBXTargetDependency;
			target = 0E2AB9441FB2A610002A3532 /* CarthageFXShare */;
			targetProxy = 0E2AB9691FB2A611002A3532 /* PBXContainerItemProxy */;
		};
/* End PBXTargetDependency section */

/* Begin PBXVariantGroup section */
		0E2AB94E1FB2A610002A3532 /* Main.storyboard */ = {
			isa = PBXVariantGroup;
			children = (
				0E2AB94F1FB2A610002A3532 /* Base */,
			);
			name = Main.storyboard;
			sourceTree = "<group>";
		};
		0E2AB9531FB2A610002A3532 /* LaunchScreen.storyboard */ = {
			isa = PBXVariantGroup;
			children = (
				0E2AB9541FB2A610002A3532 /* Base */,
			);
			name = LaunchScreen.storyboard;
			sourceTree = "<group>";
		};
/* End PBXVariantGroup section */

/* Begin XCBuildConfiguration section */
		0E2AB96F1FB2A611002A3532 /* Debug */ = {
			isa = XCBuildConfiguration;
			buildSettings = {
				ALWAYS_SEARCH_USER_PATHS = NO;
				CLANG_ANALYZER_NONNULL = YES;
				CLANG_ANALYZER_NUMBER_OBJECT_CONVERSION = YES_AGGRESSIVE;
				CLANG_CXX_LANGUAGE_STANDARD = "gnu++14";
				CLANG_CXX_LIBRARY = "libc++";
				CLANG_ENABLE_MODULES = YES;
				CLANG_ENABLE_OBJC_ARC = YES;
				CLANG_WARN_BLOCK_CAPTURE_AUTORELEASING = YES;
				CLANG_WARN_BOOL_CONVERSION = YES;
				CLANG_WARN_COMMA = YES;
				CLANG_WARN_CONSTANT_CONVERSION = YES;
				CLANG_WARN_DIRECT_OBJC_ISA_USAGE = YES_ERROR;
				CLANG_WARN_DOCUMENTATION_COMMENTS = YES;
				CLANG_WARN_EMPTY_BODY = YES;
				CLANG_WARN_ENUM_CONVERSION = YES;
				CLANG_WARN_INFINITE_RECURSION = YES;
				CLANG_WARN_INT_CONVERSION = YES;
				CLANG_WARN_NON_LITERAL_NULL_CONVERSION = YES;
				CLANG_WARN_OBJC_LITERAL_CONVERSION = YES;
				CLANG_WARN_OBJC_ROOT_CLASS = YES_ERROR;
				CLANG_WARN_RANGE_LOOP_ANALYSIS = YES;
				CLANG_WARN_STRICT_PROTOTYPES = YES;
				CLANG_WARN_SUSPICIOUS_MOVE = YES;
				CLANG_WARN_UNGUARDED_AVAILABILITY = YES_AGGRESSIVE;
				CLANG_WARN_UNREACHABLE_CODE = YES;
				CLANG_WARN__DUPLICATE_METHOD_MATCH = YES;
				CODE_SIGN_IDENTITY = "iPhone Developer";
				COPY_PHASE_STRIP = NO;
				DEBUG_INFORMATION_FORMAT = dwarf;
				ENABLE_STRICT_OBJC_MSGSEND = YES;
				ENABLE_TESTABILITY = YES;
				GCC_C_LANGUAGE_STANDARD = gnu11;
				GCC_DYNAMIC_NO_PIC = NO;
				GCC_NO_COMMON_BLOCKS = YES;
				GCC_OPTIMIZATION_LEVEL = 0;
				GCC_PREPROCESSOR_DEFINITIONS = (
					"DEBUG=1",
					"$(inherited)",
				);
				GCC_WARN_64_TO_32_BIT_CONVERSION = YES;
				GCC_WARN_ABOUT_RETURN_TYPE = YES_ERROR;
				GCC_WARN_UNDECLARED_SELECTOR = YES;
				GCC_WARN_UNINITIALIZED_AUTOS = YES_AGGRESSIVE;
				GCC_WARN_UNUSED_FUNCTION = YES;
				GCC_WARN_UNUSED_VARIABLE = YES;
				IPHONEOS_DEPLOYMENT_TARGET = 11.0;
				MTL_ENABLE_DEBUG_INFO = YES;
				ONLY_ACTIVE_ARCH = YES;
				SDKROOT = iphoneos;
			};
			name = Debug;
		};
		0E2AB9701FB2A611002A3532 /* Release */ = {
			isa = XCBuildConfiguration;
			buildSettings = {
				ALWAYS_SEARCH_USER_PATHS = NO;
				CLANG_ANALYZER_NONNULL = YES;
				CLANG_ANALYZER_NUMBER_OBJECT_CONVERSION = YES_AGGRESSIVE;
				CLANG_CXX_LANGUAGE_STANDARD = "gnu++14";
				CLANG_CXX_LIBRARY = "libc++";
				CLANG_ENABLE_MODULES = YES;
				CLANG_ENABLE_OBJC_ARC = YES;
				CLANG_WARN_BLOCK_CAPTURE_AUTORELEASING = YES;
				CLANG_WARN_BOOL_CONVERSION = YES;
				CLANG_WARN_COMMA = YES;
				CLANG_WARN_CONSTANT_CONVERSION = YES;
				CLANG_WARN_DIRECT_OBJC_ISA_USAGE = YES_ERROR;
				CLANG_WARN_DOCUMENTATION_COMMENTS = YES;
				CLANG_WARN_EMPTY_BODY = YES;
				CLANG_WARN_ENUM_CONVERSION = YES;
				CLANG_WARN_INFINITE_RECURSION = YES;
				CLANG_WARN_INT_CONVERSION = YES;
				CLANG_WARN_NON_LITERAL_NULL_CONVERSION = YES;
				CLANG_WARN_OBJC_LITERAL_CONVERSION = YES;
				CLANG_WARN_OBJC_ROOT_CLASS = YES_ERROR;
				CLANG_WARN_RANGE_LOOP_ANALYSIS = YES;
				CLANG_WARN_STRICT_PROTOTYPES = YES;
				CLANG_WARN_SUSPICIOUS_MOVE = YES;
				CLANG_WARN_UNGUARDED_AVAILABILITY = YES_AGGRESSIVE;
				CLANG_WARN_UNREACHABLE_CODE = YES;
				CLANG_WARN__DUPLICATE_METHOD_MATCH = YES;
				CODE_SIGN_IDENTITY = "iPhone Developer";
				COPY_PHASE_STRIP = NO;
				DEBUG_INFORMATION_FORMAT = "dwarf-with-dsym";
				ENABLE_NS_ASSERTIONS = NO;
				ENABLE_STRICT_OBJC_MSGSEND = YES;
				GCC_C_LANGUAGE_STANDARD = gnu11;
				GCC_NO_COMMON_BLOCKS = YES;
				GCC_WARN_64_TO_32_BIT_CONVERSION = YES;
				GCC_WARN_ABOUT_RETURN_TYPE = YES_ERROR;
				GCC_WARN_UNDECLARED_SELECTOR = YES;
				GCC_WARN_UNINITIALIZED_AUTOS = YES_AGGRESSIVE;
				GCC_WARN_UNUSED_FUNCTION = YES;
				GCC_WARN_UNUSED_VARIABLE = YES;
				IPHONEOS_DEPLOYMENT_TARGET = 11.0;
				MTL_ENABLE_DEBUG_INFO = NO;
				SDKROOT = iphoneos;
				VALIDATE_PRODUCT = YES;
			};
			name = Release;
		};
		0E2AB9721FB2A611002A3532 /* Debug */ = {
			isa = XCBuildConfiguration;
			buildSettings = {
				ASSETCATALOG_COMPILER_APPICON_NAME = AppIcon;
				CODE_SIGN_STYLE = Automatic;
				FRAMEWORK_SEARCH_PATHS = (
					"$(inherited)",
					"$(PROJECT_DIR)/CarthageFXShare/UMSocial/SocialLibraries/DingDing",
					"$(PROJECT_DIR)/CarthageFXShare/UMSocial/SocialLibraries/QQ/QQSDK",
					"$(PROJECT_DIR)/CarthageFXShare/UMSocial/UMSocialSDK",
					"$(PROJECT_DIR)/CarthageFXShare/UMSocial/UMSocialUI",
				);
				INFOPLIST_FILE = CarthageFXShare/Info.plist;
				LD_RUNPATH_SEARCH_PATHS = "$(inherited) @executable_path/Frameworks";
				LIBRARY_SEARCH_PATHS = (
					"$(inherited)",
					"$(PROJECT_DIR)/CarthageFXShare/UMSocial/SocialLibraries/DingDing",
					"$(PROJECT_DIR)/CarthageFXShare/UMSocial/SocialLibraries/QQ",
					"$(PROJECT_DIR)/CarthageFXShare/UMSocial/SocialLibraries/Sina",
					"$(PROJECT_DIR)/CarthageFXShare/UMSocial/SocialLibraries/Sina/SinaSDK",
					"$(PROJECT_DIR)/CarthageFXShare/UMSocial/SocialLibraries/UniqueId",
					"$(PROJECT_DIR)/CarthageFXShare/UMSocial/SocialLibraries/WeChat",
					"$(PROJECT_DIR)/CarthageFXShare/UMSocial/SocialLibraries/WeChat/WechatSDK",
					"$(PROJECT_DIR)/CarthageFXShare/UMSocial/UMSocialSDKPlugin",
				);
				OTHER_LDFLAGS = "";
				PRODUCT_BUNDLE_IDENTIFIER = huangwei.CarthageFXShare;
				PRODUCT_NAME = "$(TARGET_NAME)";
				TARGETED_DEVICE_FAMILY = "1,2";
			};
			name = Debug;
		};
		0E2AB9731FB2A611002A3532 /* Release */ = {
			isa = XCBuildConfiguration;
			buildSettings = {
				ASSETCATALOG_COMPILER_APPICON_NAME = AppIcon;
				CODE_SIGN_STYLE = Automatic;
				FRAMEWORK_SEARCH_PATHS = (
					"$(inherited)",
					"$(PROJECT_DIR)/CarthageFXShare/UMSocial/SocialLibraries/DingDing",
					"$(PROJECT_DIR)/CarthageFXShare/UMSocial/SocialLibraries/QQ/QQSDK",
					"$(PROJECT_DIR)/CarthageFXShare/UMSocial/UMSocialSDK",
					"$(PROJECT_DIR)/CarthageFXShare/UMSocial/UMSocialUI",
				);
				INFOPLIST_FILE = CarthageFXShare/Info.plist;
				LD_RUNPATH_SEARCH_PATHS = "$(inherited) @executable_path/Frameworks";
				LIBRARY_SEARCH_PATHS = (
					"$(inherited)",
					"$(PROJECT_DIR)/CarthageFXShare/UMSocial/SocialLibraries/DingDing",
					"$(PROJECT_DIR)/CarthageFXShare/UMSocial/SocialLibraries/QQ",
					"$(PROJECT_DIR)/CarthageFXShare/UMSocial/SocialLibraries/Sina",
					"$(PROJECT_DIR)/CarthageFXShare/UMSocial/SocialLibraries/Sina/SinaSDK",
					"$(PROJECT_DIR)/CarthageFXShare/UMSocial/SocialLibraries/UniqueId",
					"$(PROJECT_DIR)/CarthageFXShare/UMSocial/SocialLibraries/WeChat",
					"$(PROJECT_DIR)/CarthageFXShare/UMSocial/SocialLibraries/WeChat/WechatSDK",
					"$(PROJECT_DIR)/CarthageFXShare/UMSocial/UMSocialSDKPlugin",
				);
				OTHER_LDFLAGS = "";
				PRODUCT_BUNDLE_IDENTIFIER = huangwei.CarthageFXShare;
				PRODUCT_NAME = "$(TARGET_NAME)";
				TARGETED_DEVICE_FAMILY = "1,2";
			};
			name = Release;
		};
		0E2AB9751FB2A611002A3532 /* Debug */ = {
			isa = XCBuildConfiguration;
			buildSettings = {
				BUNDLE_LOADER = "$(TEST_HOST)";
				CODE_SIGN_STYLE = Automatic;
				INFOPLIST_FILE = CarthageFXShareTests/Info.plist;
				LD_RUNPATH_SEARCH_PATHS = "$(inherited) @executable_path/Frameworks @loader_path/Frameworks";
				PRODUCT_BUNDLE_IDENTIFIER = huangwei.CarthageFXShareTests;
				PRODUCT_NAME = "$(TARGET_NAME)";
				TARGETED_DEVICE_FAMILY = "1,2";
				TEST_HOST = "$(BUILT_PRODUCTS_DIR)/CarthageFXShare.app/CarthageFXShare";
			};
			name = Debug;
		};
		0E2AB9761FB2A611002A3532 /* Release */ = {
			isa = XCBuildConfiguration;
			buildSettings = {
				BUNDLE_LOADER = "$(TEST_HOST)";
				CODE_SIGN_STYLE = Automatic;
				INFOPLIST_FILE = CarthageFXShareTests/Info.plist;
				LD_RUNPATH_SEARCH_PATHS = "$(inherited) @executable_path/Frameworks @loader_path/Frameworks";
				PRODUCT_BUNDLE_IDENTIFIER = huangwei.CarthageFXShareTests;
				PRODUCT_NAME = "$(TARGET_NAME)";
				TARGETED_DEVICE_FAMILY = "1,2";
				TEST_HOST = "$(BUILT_PRODUCTS_DIR)/CarthageFXShare.app/CarthageFXShare";
			};
			name = Release;
		};
		0E2AB9781FB2A611002A3532 /* Debug */ = {
			isa = XCBuildConfiguration;
			buildSettings = {
				CODE_SIGN_STYLE = Automatic;
				INFOPLIST_FILE = CarthageFXShareUITests/Info.plist;
				LD_RUNPATH_SEARCH_PATHS = "$(inherited) @executable_path/Frameworks @loader_path/Frameworks";
				PRODUCT_BUNDLE_IDENTIFIER = huangwei.CarthageFXShareUITests;
				PRODUCT_NAME = "$(TARGET_NAME)";
				TARGETED_DEVICE_FAMILY = "1,2";
				TEST_TARGET_NAME = CarthageFXShare;
			};
			name = Debug;
		};
		0E2AB9791FB2A611002A3532 /* Release */ = {
			isa = XCBuildConfiguration;
			buildSettings = {
				CODE_SIGN_STYLE = Automatic;
				INFOPLIST_FILE = CarthageFXShareUITests/Info.plist;
				LD_RUNPATH_SEARCH_PATHS = "$(inherited) @executable_path/Frameworks @loader_path/Frameworks";
				PRODUCT_BUNDLE_IDENTIFIER = huangwei.CarthageFXShareUITests;
				PRODUCT_NAME = "$(TARGET_NAME)";
				TARGETED_DEVICE_FAMILY = "1,2";
				TEST_TARGET_NAME = CarthageFXShare;
			};
			name = Release;
		};
/* End XCBuildConfiguration section */

/* Begin XCConfigurationList section */
		0E2AB9401FB2A610002A3532 /* Build configuration list for PBXProject "CarthageFXShare" */ = {
			isa = XCConfigurationList;
			buildConfigurations = (
				0E2AB96F1FB2A611002A3532 /* Debug */,
				0E2AB9701FB2A611002A3532 /* Release */,
			);
			defaultConfigurationIsVisible = 0;
			defaultConfigurationName = Release;
		};
		0E2AB9711FB2A611002A3532 /* Build configuration list for PBXNativeTarget "CarthageFXShare" */ = {
			isa = XCConfigurationList;
			buildConfigurations = (
				0E2AB9721FB2A611002A3532 /* Debug */,
				0E2AB9731FB2A611002A3532 /* Release */,
			);
			defaultConfigurationIsVisible = 0;
			defaultConfigurationName = Release;
		};
		0E2AB9741FB2A611002A3532 /* Build configuration list for PBXNativeTarget "CarthageFXShareTests" */ = {
			isa = XCConfigurationList;
			buildConfigurations = (
				0E2AB9751FB2A611002A3532 /* Debug */,
				0E2AB9761FB2A611002A3532 /* Release */,
			);
			defaultConfigurationIsVisible = 0;
			defaultConfigurationName = Release;
		};
		0E2AB9771FB2A611002A3532 /* Build configuration list for PBXNativeTarget "CarthageFXShareUITests" */ = {
			isa = XCConfigurationList;
			buildConfigurations = (
				0E2AB9781FB2A611002A3532 /* Debug */,
				0E2AB9791FB2A611002A3532 /* Release */,
			);
			defaultConfigurationIsVisible = 0;
			defaultConfigurationName = Release;
		};
/* End XCConfigurationList section */
	};
	rootObject = 0E2AB93D1FB2A610002A3532 /* Project object */;
}
